// !$*UTF8*$!
{
	archiveVersion = 1;
	classes = {
	};
	objectVersion = 50;
	objects = {

/* Begin PBXBuildFile section */
		B55A90C6251DA9350003B3AA /* AppDelegate.swift in Sources */ = {isa = PBXBuildFile; fileRef = B55A90C5251DA9350003B3AA /* AppDelegate.swift */; };
		B55A90C8251DA9350003B3AA /* SceneDelegate.swift in Sources */ = {isa = PBXBuildFile; fileRef = B55A90C7251DA9350003B3AA /* SceneDelegate.swift */; };
		B55A90CA251DA9350003B3AA /* ViewController.swift in Sources */ = {isa = PBXBuildFile; fileRef = B55A90C9251DA9350003B3AA /* ViewController.swift */; };
		B55A90CD251DA9350003B3AA /* Main.storyboard in Resources */ = {isa = PBXBuildFile; fileRef = B55A90CB251DA9350003B3AA /* Main.storyboard */; };
		B55A90CF251DA9360003B3AA /* Assets.xcassets in Resources */ = {isa = PBXBuildFile; fileRef = B55A90CE251DA9360003B3AA /* Assets.xcassets */; };
		B55A90D2251DA9360003B3AA /* LaunchScreen.storyboard in Resources */ = {isa = PBXBuildFile; fileRef = B55A90D0251DA9360003B3AA /* LaunchScreen.storyboard */; };
		B55A90DD251DA9360003B3AA /* HelloWorldTests.swift in Sources */ = {isa = PBXBuildFile; fileRef = B55A90DC251DA9360003B3AA /* HelloWorldTests.swift */; };
		B55A90E8251DA9360003B3AA /* HelloWorldUITests.swift in Sources */ = {isa = PBXBuildFile; fileRef = B55A90E7251DA9360003B3AA /* HelloWorldUITests.swift */; };
/* End PBXBuildFile section */

/* Begin PBXContainerItemProxy section */
		B55A90D9251DA9360003B3AA /* PBXContainerItemProxy */ = {
			isa = PBXContainerItemProxy;
			containerPortal = B55A90BA251DA9350003B3AA /* Project object */;
			proxyType = 1;
			remoteGlobalIDString = B55A90C1251DA9350003B3AA;
			remoteInfo = HelloWorld;
		};
		B55A90E4251DA9360003B3AA /* PBXContainerItemProxy */ = {
			isa = PBXContainerItemProxy;
			containerPortal = B55A90BA251DA9350003B3AA /* Project object */;
			proxyType = 1;
			remoteGlobalIDString = B55A90C1251DA9350003B3AA;
			remoteInfo = HelloWorld;
		};
/* End PBXContainerItemProxy section */

/* Begin PBXFileReference section */
		B55A90C2251DA9350003B3AA /* HelloWorld.app */ = {isa = PBXFileReference; explicitFileType = wrapper.application; includeInIndex = 0; path = HelloWorld.app; sourceTree = BUILT_PRODUCTS_DIR; };
		B55A90C5251DA9350003B3AA /* AppDelegate.swift */ = {isa = PBXFileReference; lastKnownFileType = sourcecode.swift; path = AppDelegate.swift; sourceTree = "<group>"; };
		B55A90C7251DA9350003B3AA /* SceneDelegate.swift */ = {isa = PBXFileReference; lastKnownFileType = sourcecode.swift; path = SceneDelegate.swift; sourceTree = "<group>"; };
		B55A90C9251DA9350003B3AA /* ViewController.swift */ = {isa = PBXFileReference; lastKnownFileType = sourcecode.swift; path = ViewController.swift; sourceTree = "<group>"; };
		B55A90CC251DA9350003B3AA /* Base */ = {isa = PBXFileReference; lastKnownFileType = file.storyboard; name = Base; path = Base.lproj/Main.storyboard; sourceTree = "<group>"; };
		B55A90CE251DA9360003B3AA /* Assets.xcassets */ = {isa = PBXFileReference; lastKnownFileType = folder.assetcatalog; path = Assets.xcassets; sourceTree = "<group>"; };
		B55A90D1251DA9360003B3AA /* Base */ = {isa = PBXFileReference; lastKnownFileType = file.storyboard; name = Base; path = Base.lproj/LaunchScreen.storyboard; sourceTree = "<group>"; };
		B55A90D3251DA9360003B3AA /* Info.plist */ = {isa = PBXFileReference; lastKnownFileType = text.plist.xml; path = Info.plist; sourceTree = "<group>"; };
		B55A90D8251DA9360003B3AA /* HelloWorldTests.xctest */ = {isa = PBXFileReference; explicitFileType = wrapper.cfbundle; includeInIndex = 0; path = HelloWorldTests.xctest; sourceTree = BUILT_PRODUCTS_DIR; };
		B55A90DC251DA9360003B3AA /* HelloWorldTests.swift */ = {isa = PBXFileReference; lastKnownFileType = sourcecode.swift; path = HelloWorldTests.swift; sourceTree = "<group>"; };
		B55A90DE251DA9360003B3AA /* Info.plist */ = {isa = PBXFileReference; lastKnownFileType = text.plist.xml; path = Info.plist; sourceTree = "<group>"; };
		B55A90E3251DA9360003B3AA /* HelloWorldUITests.xctest */ = {isa = PBXFileReference; explicitFileType = wrapper.cfbundle; includeInIndex = 0; path = HelloWorldUITests.xctest; sourceTree = BUILT_PRODUCTS_DIR; };
		B55A90E7251DA9360003B3AA /* HelloWorldUITests.swift */ = {isa = PBXFileReference; lastKnownFileType = sourcecode.swift; path = HelloWorldUITests.swift; sourceTree = "<group>"; };
		B55A90E9251DA9360003B3AA /* Info.plist */ = {isa = PBXFileReference; lastKnownFileType = text.plist.xml; path = Info.plist; sourceTree = "<group>"; };
/* End PBXFileReference section */

/* Begin PBXFrameworksBuildPhase section */
		B55A90BF251DA9350003B3AA /* Frameworks */ = {
			isa = PBXFrameworksBuildPhase;
			buildActionMask = 2147483647;
			files = (
			);
			runOnlyForDeploymentPostprocessing = 0;
		};
		B55A90D5251DA9360003B3AA /* Frameworks */ = {
			isa = PBXFrameworksBuildPhase;
			buildActionMask = 2147483647;
			files = (
			);
			runOnlyForDeploymentPostprocessing = 0;
		};
		B55A90E0251DA9360003B3AA /* Frameworks */ = {
			isa = PBXFrameworksBuildPhase;
			buildActionMask = 2147483647;
			files = (
			);
			runOnlyForDeploymentPostprocessing = 0;
		};
/* End PBXFrameworksBuildPhase section */

/* Begin PBXGroup section */
		B55A90B9251DA9350003B3AA = {
			isa = PBXGroup;
			children = (
				B55A90C4251DA9350003B3AA /* HelloWorld */,
				B55A90DB251DA9360003B3AA /* HelloWorldTests */,
				B55A90E6251DA9360003B3AA /* HelloWorldUITests */,
				B55A90C3251DA9350003B3AA /* Products */,
			);
			sourceTree = "<group>";
		};
		B55A90C3251DA9350003B3AA /* Products */ = {
			isa = PBXGroup;
			children = (
				B55A90C2251DA9350003B3AA /* HelloWorld.app */,
				B55A90D8251DA9360003B3AA /* HelloWorldTests.xctest */,
				B55A90E3251DA9360003B3AA /* HelloWorldUITests.xctest */,
			);
			name = Products;
			sourceTree = "<group>";
		};
		B55A90C4251DA9350003B3AA /* HelloWorld */ = {
			isa = PBXGroup;
			children = (
				B55A90C5251DA9350003B3AA /* AppDelegate.swift */,
				B55A90C7251DA9350003B3AA /* SceneDelegate.swift */,
				B55A90C9251DA9350003B3AA /* ViewController.swift */,
				B55A90CB251DA9350003B3AA /* Main.storyboard */,
				B55A90CE251DA9360003B3AA /* Assets.xcassets */,
				B55A90D0251DA9360003B3AA /* LaunchScreen.storyboard */,
				B55A90D3251DA9360003B3AA /* Info.plist */,
			);
			path = HelloWorld;
			sourceTree = "<group>";
		};
		B55A90DB251DA9360003B3AA /* HelloWorldTests */ = {
			isa = PBXGroup;
			children = (
				B55A90DC251DA9360003B3AA /* HelloWorldTests.swift */,
				B55A90DE251DA9360003B3AA /* Info.plist */,
			);
			path = HelloWorldTests;
			sourceTree = "<group>";
		};
		B55A90E6251DA9360003B3AA /* HelloWorldUITests */ = {
			isa = PBXGroup;
			children = (
				B55A90E7251DA9360003B3AA /* HelloWorldUITests.swift */,
				B55A90E9251DA9360003B3AA /* Info.plist */,
			);
			path = HelloWorldUITests;
			sourceTree = "<group>";
		};
/* End PBXGroup section */

/* Begin PBXNativeTarget section */
		B55A90C1251DA9350003B3AA /* HelloWorld */ = {
			isa = PBXNativeTarget;
			buildConfigurationList = B55A90EC251DA9360003B3AA /* Build configuration list for PBXNativeTarget "HelloWorld" */;
			buildPhases = (
				B55A90BE251DA9350003B3AA /* Sources */,
				B55A90BF251DA9350003B3AA /* Frameworks */,
				B55A90C0251DA9350003B3AA /* Resources */,
			);
			buildRules = (
			);
			dependencies = (
			);
			name = HelloWorld;
			productName = HelloWorld;
			productReference = B55A90C2251DA9350003B3AA /* HelloWorld.app */;
			productType = "com.apple.product-type.application";
		};
		B55A90D7251DA9360003B3AA /* HelloWorldTests */ = {
			isa = PBXNativeTarget;
			buildConfigurationList = B55A90EF251DA9360003B3AA /* Build configuration list for PBXNativeTarget "HelloWorldTests" */;
			buildPhases = (
				B55A90D4251DA9360003B3AA /* Sources */,
				B55A90D5251DA9360003B3AA /* Frameworks */,
				B55A90D6251DA9360003B3AA /* Resources */,
			);
			buildRules = (
			);
			dependencies = (
				B55A90DA251DA9360003B3AA /* PBXTargetDependency */,
			);
			name = HelloWorldTests;
			productName = HelloWorldTests;
			productReference = B55A90D8251DA9360003B3AA /* HelloWorldTests.xctest */;
			productType = "com.apple.product-type.bundle.unit-test";
		};
		B55A90E2251DA9360003B3AA /* HelloWorldUITests */ = {
			isa = PBXNativeTarget;
			buildConfigurationList = B55A90F2251DA9360003B3AA /* Build configuration list for PBXNativeTarget "HelloWorldUITests" */;
			buildPhases = (
				B55A90DF251DA9360003B3AA /* Sources */,
				B55A90E0251DA9360003B3AA /* Frameworks */,
				B55A90E1251DA9360003B3AA /* Resources */,
			);
			buildRules = (
			);
			dependencies = (
				B55A90E5251DA9360003B3AA /* PBXTargetDependency */,
			);
			name = HelloWorldUITests;
			productName = HelloWorldUITests;
			productReference = B55A90E3251DA9360003B3AA /* HelloWorldUITests.xctest */;
			productType = "com.apple.product-type.bundle.ui-testing";
		};
/* End PBXNativeTarget section */

/* Begin PBXProject section */
		B55A90BA251DA9350003B3AA /* Project object */ = {
			isa = PBXProject;
			attributes = {
				LastSwiftUpdateCheck = 1150;
				LastUpgradeCheck = 1150;
				ORGANIZATIONNAME = masakazu.yahata;
				TargetAttributes = {
					B55A90C1251DA9350003B3AA = {
						CreatedOnToolsVersion = 11.5;
					};
					B55A90D7251DA9360003B3AA = {
						CreatedOnToolsVersion = 11.5;
						TestTargetID = B55A90C1251DA9350003B3AA;
					};
					B55A90E2251DA9360003B3AA = {
						CreatedOnToolsVersion = 11.5;
						TestTargetID = B55A90C1251DA9350003B3AA;
					};
				};
			};
			buildConfigurationList = B55A90BD251DA9350003B3AA /* Build configuration list for PBXProject "HelloWorld" */;
			compatibilityVersion = "Xcode 9.3";
			developmentRegion = en;
			hasScannedForEncodings = 0;
			knownRegions = (
				en,
				Base,
			);
			mainGroup = B55A90B9251DA9350003B3AA;
			productRefGroup = B55A90C3251DA9350003B3AA /* Products */;
			projectDirPath = "";
			projectRoot = "";
			targets = (
				B55A90C1251DA9350003B3AA /* HelloWorld */,
				B55A90D7251DA9360003B3AA /* HelloWorldTests */,
				B55A90E2251DA9360003B3AA /* HelloWorldUITests */,
			);
		};
/* End PBXProject section */

/* Begin PBXResourcesBuildPhase section */
		B55A90C0251DA9350003B3AA /* Resources */ = {
			isa = PBXResourcesBuildPhase;
			buildActionMask = 2147483647;
			files = (
				B55A90D2251DA9360003B3AA /* LaunchScreen.storyboard in Resources */,
				B55A90CF251DA9360003B3AA /* Assets.xcassets in Resources */,
				B55A90CD251DA9350003B3AA /* Main.storyboard in Resources */,
			);
			runOnlyForDeploymentPostprocessing = 0;
		};
		B55A90D6251DA9360003B3AA /* Resources */ = {
			isa = PBXResourcesBuildPhase;
			buildActionMask = 2147483647;
			files = (
			);
			runOnlyForDeploymentPostprocessing = 0;
		};
		B55A90E1251DA9360003B3AA /* Resources */ = {
			isa = PBXResourcesBuildPhase;
			buildActionMask = 2147483647;
			files = (
			);
			runOnlyForDeploymentPostprocessing = 0;
		};
/* End PBXResourcesBuildPhase section */

/* Begin PBXSourcesBuildPhase section */
		B55A90BE251DA9350003B3AA /* Sources */ = {
			isa = PBXSourcesBuildPhase;
			buildActionMask = 2147483647;
			files = (
				B55A90CA251DA9350003B3AA /* ViewController.swift in Sources */,
				B55A90C6251DA9350003B3AA /* AppDelegate.swift in Sources */,
				B55A90C8251DA9350003B3AA /* SceneDelegate.swift in Sources */,
			);
			runOnlyForDeploymentPostprocessing = 0;
		};
		B55A90D4251DA9360003B3AA /* Sources */ = {
			isa = PBXSourcesBuildPhase;
			buildActionMask = 2147483647;
			files = (
				B55A90DD251DA9360003B3AA /* HelloWorldTests.swift in Sources */,
			);
			runOnlyForDeploymentPostprocessing = 0;
		};
		B55A90DF251DA9360003B3AA /* Sources */ = {
			isa = PBXSourcesBuildPhase;
			buildActionMask = 2147483647;
			files = (
				B55A90E8251DA9360003B3AA /* HelloWorldUITests.swift in Sources */,
			);
			runOnlyForDeploymentPostprocessing = 0;
		};
/* End PBXSourcesBuildPhase section */

/* Begin PBXTargetDependency section */
		B55A90DA251DA9360003B3AA /* PBXTargetDependency */ = {
			isa = PBXTargetDependency;
			target = B55A90C1251DA9350003B3AA /* HelloWorld */;
			targetProxy = B55A90D9251DA9360003B3AA /* PBXContainerItemProxy */;
		};
		B55A90E5251DA9360003B3AA /* PBXTargetDependency */ = {
			isa = PBXTargetDependency;
			target = B55A90C1251DA9350003B3AA /* HelloWorld */;
			targetProxy = B55A90E4251DA9360003B3AA /* PBXContainerItemProxy */;
		};
/* End PBXTargetDependency section */

/* Begin PBXVariantGroup section */
		B55A90CB251DA9350003B3AA /* Main.storyboard */ = {
			isa = PBXVariantGroup;
			children = (
				B55A90CC251DA9350003B3AA /* Base */,
			);
			name = Main.storyboard;
			sourceTree = "<group>";
		};
		B55A90D0251DA9360003B3AA /* LaunchScreen.storyboard */ = {
			isa = PBXVariantGroup;
			children = (
				B55A90D1251DA9360003B3AA /* Base */,
			);
			name = LaunchScreen.storyboard;
			sourceTree = "<group>";
		};
/* End PBXVariantGroup section */

/* Begin XCBuildConfiguration section */
		B55A90EA251DA9360003B3AA /* Debug */ = {
			isa = XCBuildConfiguration;
			buildSettings = {
				ALWAYS_SEARCH_USER_PATHS = NO;
				CLANG_ANALYZER_NONNULL = YES;
				CLANG_ANALYZER_NUMBER_OBJECT_CONVERSION = YES_AGGRESSIVE;
				CLANG_CXX_LANGUAGE_STANDARD = "gnu++14";
				CLANG_CXX_LIBRARY = "libc++";
				CLANG_ENABLE_MODULES = YES;
				CLANG_ENABLE_OBJC_ARC = YES;
				CLANG_ENABLE_OBJC_WEAK = YES;
				CLANG_WARN_BLOCK_CAPTURE_AUTORELEASING = YES;
				CLANG_WARN_BOOL_CONVERSION = YES;
				CLANG_WARN_COMMA = YES;
				CLANG_WARN_CONSTANT_CONVERSION = YES;
				CLANG_WARN_DEPRECATED_OBJC_IMPLEMENTATIONS = YES;
				CLANG_WARN_DIRECT_OBJC_ISA_USAGE = YES_ERROR;
				CLANG_WARN_DOCUMENTATION_COMMENTS = YES;
				CLANG_WARN_EMPTY_BODY = YES;
				CLANG_WARN_ENUM_CONVERSION = YES;
				CLANG_WARN_INFINITE_RECURSION = YES;
				CLANG_WARN_INT_CONVERSION = YES;
				CLANG_WARN_NON_LITERAL_NULL_CONVERSION = YES;
				CLANG_WARN_OBJC_IMPLICIT_RETAIN_SELF = YES;
				CLANG_WARN_OBJC_LITERAL_CONVERSION = YES;
				CLANG_WARN_OBJC_ROOT_CLASS = YES_ERROR;
				CLANG_WARN_RANGE_LOOP_ANALYSIS = YES;
				CLANG_WARN_STRICT_PROTOTYPES = YES;
				CLANG_WARN_SUSPICIOUS_MOVE = YES;
				CLANG_WARN_UNGUARDED_AVAILABILITY = YES_AGGRESSIVE;
				CLANG_WARN_UNREACHABLE_CODE = YES;
				CLANG_WARN__DUPLICATE_METHOD_MATCH = YES;
				COPY_PHASE_STRIP = NO;
				DEBUG_INFORMATION_FORMAT = dwarf;
				ENABLE_STRICT_OBJC_MSGSEND = YES;
				ENABLE_TESTABILITY = YES;
				GCC_C_LANGUAGE_STANDARD = gnu11;
				GCC_DYNAMIC_NO_PIC = NO;
				GCC_NO_COMMON_BLOCKS = YES;
				GCC_OPTIMIZATION_LEVEL = 0;
				GCC_PREPROCESSOR_DEFINITIONS = (
					"DEBUG=1",
					"$(inherited)",
				);
				GCC_WARN_64_TO_32_BIT_CONVERSION = YES;
				GCC_WARN_ABOUT_RETURN_TYPE = YES_ERROR;
				GCC_WARN_UNDECLARED_SELECTOR = YES;
				GCC_WARN_UNINITIALIZED_AUTOS = YES_AGGRESSIVE;
				GCC_WARN_UNUSED_FUNCTION = YES;
				GCC_WARN_UNUSED_VARIABLE = YES;
				IPHONEOS_DEPLOYMENT_TARGET = 13.5;
				MTL_ENABLE_DEBUG_INFO = INCLUDE_SOURCE;
				MTL_FAST_MATH = YES;
				ONLY_ACTIVE_ARCH = YES;
				SDKROOT = iphoneos;
				SWIFT_ACTIVE_COMPILATION_CONDITIONS = DEBUG;
				SWIFT_OPTIMIZATION_LEVEL = "-Onone";
			};
			name = Debug;
		};
		B55A90EB251DA9360003B3AA /* Release */ = {
			isa = XCBuildConfiguration;
			buildSettings = {
				ALWAYS_SEARCH_USER_PATHS = NO;
				CLANG_ANALYZER_NONNULL = YES;
				CLANG_ANALYZER_NUMBER_OBJECT_CONVERSION = YES_AGGRESSIVE;
				CLANG_CXX_LANGUAGE_STANDARD = "gnu++14";
				CLANG_CXX_LIBRARY = "libc++";
				CLANG_ENABLE_MODULES = YES;
				CLANG_ENABLE_OBJC_ARC = YES;
				CLANG_ENABLE_OBJC_WEAK = YES;
				CLANG_WARN_BLOCK_CAPTURE_AUTORELEASING = YES;
				CLANG_WARN_BOOL_CONVERSION = YES;
				CLANG_WARN_COMMA = YES;
				CLANG_WARN_CONSTANT_CONVERSION = YES;
				CLANG_WARN_DEPRECATED_OBJC_IMPLEMENTATIONS = YES;
				CLANG_WARN_DIRECT_OBJC_ISA_USAGE = YES_ERROR;
				CLANG_WARN_DOCUMENTATION_COMMENTS = YES;
				CLANG_WARN_EMPTY_BODY = YES;
				CLANG_WARN_ENUM_CONVERSION = YES;
				CLANG_WARN_INFINITE_RECURSION = YES;
				CLANG_WARN_INT_CONVERSION = YES;
				CLANG_WARN_NON_LITERAL_NULL_CONVERSION = YES;
				CLANG_WARN_OBJC_IMPLICIT_RETAIN_SELF = YES;
				CLANG_WARN_OBJC_LITERAL_CONVERSION = YES;
				CLANG_WARN_OBJC_ROOT_CLASS = YES_ERROR;
				CLANG_WARN_RANGE_LOOP_ANALYSIS = YES;
				CLANG_WARN_STRICT_PROTOTYPES = YES;
				CLANG_WARN_SUSPICIOUS_MOVE = YES;
				CLANG_WARN_UNGUARDED_AVAILABILITY = YES_AGGRESSIVE;
				CLANG_WARN_UNREACHABLE_CODE = YES;
				CLANG_WARN__DUPLICATE_METHOD_MATCH = YES;
				COPY_PHASE_STRIP = NO;
				DEBUG_INFORMATION_FORMAT = "dwarf-with-dsym";
				ENABLE_NS_ASSERTIONS = NO;
				ENABLE_STRICT_OBJC_MSGSEND = YES;
				GCC_C_LANGUAGE_STANDARD = gnu11;
				GCC_NO_COMMON_BLOCKS = YES;
				GCC_WARN_64_TO_32_BIT_CONVERSION = YES;
				GCC_WARN_ABOUT_RETURN_TYPE = YES_ERROR;
				GCC_WARN_UNDECLARED_SELECTOR = YES;
				GCC_WARN_UNINITIALIZED_AUTOS = YES_AGGRESSIVE;
				GCC_WARN_UNUSED_FUNCTION = YES;
				GCC_WARN_UNUSED_VARIABLE = YES;
				IPHONEOS_DEPLOYMENT_TARGET = 13.5;
				MTL_ENABLE_DEBUG_INFO = NO;
				MTL_FAST_MATH = YES;
				SDKROOT = iphoneos;
				SWIFT_COMPILATION_MODE = wholemodule;
				SWIFT_OPTIMIZATION_LEVEL = "-O";
				VALIDATE_PRODUCT = YES;
			};
			name = Release;
		};
		B55A90ED251DA9360003B3AA /* Debug */ = {
			isa = XCBuildConfiguration;
			buildSettings = {
				ASSETCATALOG_COMPILER_APPICON_NAME = AppIcon;
				CODE_SIGN_STYLE = Automatic;
				INFOPLIST_FILE = HelloWorld/Info.plist;
				LD_RUNPATH_SEARCH_PATHS = (
					"$(inherited)",
					"@executable_path/Frameworks",
				);
				PRODUCT_BUNDLE_IDENTIFIER = jp.techacademy.masakazu.yahata.HelloWorld;
				PRODUCT_NAME = "$(TARGET_NAME)";
				SWIFT_VERSION = 5.0;
				TARGETED_DEVICE_FAMILY = "1,2";
			};
			name = Debug;
		};
		B55A90EE251DA9360003B3AA /* Release */ = {
			isa = XCBuildConfiguration;
			buildSettings = {
				ASSETCATALOG_COMPILER_APPICON_NAME = AppIcon;
				CODE_SIGN_STYLE = Automatic;
				INFOPLIST_FILE = HelloWorld/Info.plist;
				LD_RUNPATH_SEARCH_PATHS = (
					"$(inherited)",
					"@executable_path/Frameworks",
				);
				PRODUCT_BUNDLE_IDENTIFIER = jp.techacademy.masakazu.yahata.HelloWorld;
				PRODUCT_NAME = "$(TARGET_NAME)";
				SWIFT_VERSION = 5.0;
				TARGETED_DEVICE_FAMILY = "1,2";
			};
			name = Release;
		};
		B55A90F0251DA9360003B3AA /* Debug */ = {
			isa = XCBuildConfiguration;
			buildSettings = {
				ALWAYS_EMBED_SWIFT_STANDARD_LIBRARIES = YES;
				BUNDLE_LOADER = "$(TEST_HOST)";
				CODE_SIGN_STYLE = Automatic;
				INFOPLIST_FILE = HelloWorldTests/Info.plist;
				IPHONEOS_DEPLOYMENT_TARGET = 13.5;
				LD_RUNPATH_SEARCH_PATHS = (
					"$(inherited)",
					"@executable_path/Frameworks",
					"@loader_path/Frameworks",
				);
				PRODUCT_BUNDLE_IDENTIFIER = jp.techacademy.masakazu.yahata.HelloWorldTests;
				PRODUCT_NAME = "$(TARGET_NAME)";
				SWIFT_VERSION = 5.0;
				TARGETED_DEVICE_FAMILY = "1,2";
				TEST_HOST = "$(BUILT_PRODUCTS_DIR)/HelloWorld.app/HelloWorld";
			};
			name = Debug;
		};
		B55A90F1251DA9360003B3AA /* Release */ = {
			isa = XCBuildConfiguration;
			buildSettings = {
				ALWAYS_EMBED_SWIFT_STANDARD_LIBRARIES = YES;
				BUNDLE_LOADER = "$(TEST_HOST)";
				CODE_SIGN_STYLE = Automatic;
				INFOPLIST_FILE = HelloWorldTests/Info.plist;
				IPHONEOS_DEPLOYMENT_TARGET = 13.5;
				LD_RUNPATH_SEARCH_PATHS = (
					"$(inherited)",
					"@executable_path/Frameworks",
					"@loader_path/Frameworks",
				);
				PRODUCT_BUNDLE_IDENTIFIER = jp.techacademy.masakazu.yahata.HelloWorldTests;
				PRODUCT_NAME = "$(TARGET_NAME)";
				SWIFT_VERSION = 5.0;
				TARGETED_DEVICE_FAMILY = "1,2";
				TEST_HOST = "$(BUILT_PRODUCTS_DIR)/HelloWorld.app/HelloWorld";
			};
			name = Release;
		};
		B55A90F3251DA9360003B3AA /* Debug */ = {
			isa = XCBuildConfiguration;
			buildSettings = {
				ALWAYS_EMBED_SWIFT_STANDARD_LIBRARIES = YES;
				CODE_SIGN_STYLE = Automatic;
				INFOPLIST_FILE = HelloWorldUITests/Info.plist;
				LD_RUNPATH_SEARCH_PATHS = (
					"$(inherited)",
					"@executable_path/Frameworks",
					"@loader_path/Frameworks",
				);
				PRODUCT_BUNDLE_IDENTIFIER = jp.techacademy.masakazu.yahata.HelloWorldUITests;
				PRODUCT_NAME = "$(TARGET_NAME)";
				SWIFT_VERSION = 5.0;
				TARGETED_DEVICE_FAMILY = "1,2";
				TEST_TARGET_NAME = HelloWorld;
			};
			name = Debug;
		};
		B55A90F4251DA9360003B3AA /* Release */ = {
			isa = XCBuildConfiguration;
			buildSettings = {
				ALWAYS_EMBED_SWIFT_STANDARD_LIBRARIES = YES;
				CODE_SIGN_STYLE = Automatic;
				INFOPLIST_FILE = HelloWorldUITests/Info.plist;
				LD_RUNPATH_SEARCH_PATHS = (
					"$(inherited)",
					"@executable_path/Frameworks",
					"@loader_path/Frameworks",
				);
				PRODUCT_BUNDLE_IDENTIFIER = jp.techacademy.masakazu.yahata.HelloWorldUITests;
				PRODUCT_NAME = "$(TARGET_NAME)";
				SWIFT_VERSION = 5.0;
				TARGETED_DEVICE_FAMILY = "1,2";
				TEST_TARGET_NAME = HelloWorld;
			};
			name = Release;
		};
/* End XCBuildConfiguration section */

/* Begin XCConfigurationList section */
		B55A90BD251DA9350003B3AA /* Build configuration list for PBXProject "HelloWorld" */ = {
			isa = XCConfigurationList;
			buildConfigurations = (
				B55A90EA251DA9360003B3AA /* Debug */,
				B55A90EB251DA9360003B3AA /* Release */,
			);
			defaultConfigurationIsVisible = 0;
			defaultConfigurationName = Release;
		};
		B55A90EC251DA9360003B3AA /* Build configuration list for PBXNativeTarget "HelloWorld" */ = {
			isa = XCConfigurationList;
			buildConfigurations = (
				B55A90ED251DA9360003B3AA /* Debug */,
				B55A90EE251DA9360003B3AA /* Release */,
			);
			defaultConfigurationIsVisible = 0;
			defaultConfigurationName = Release;
		};
		B55A90EF251DA9360003B3AA /* Build configuration list for PBXNativeTarget "HelloWorldTests" */ = {
			isa = XCConfigurationList;
			buildConfigurations = (
				B55A90F0251DA9360003B3AA /* Debug */,
				B55A90F1251DA9360003B3AA /* Release */,
			);
			defaultConfigurationIsVisible = 0;
			defaultConfigurationName = Release;
		};
		B55A90F2251DA9360003B3AA /* Build configuration list for PBXNativeTarget "HelloWorldUITests" */ = {
			isa = XCConfigurationList;
			buildConfigurations = (
				B55A90F3251DA9360003B3AA /* Debug */,
				B55A90F4251DA9360003B3AA /* Release */,
			);
			defaultConfigurationIsVisible = 0;
			defaultConfigurationName = Release;
		};
/* End XCConfigurationList section */
	};
	rootObject = B55A90BA251DA9350003B3AA /* Project object */;
}
